// !$*UTF8*$!
{
	archiveVersion = 1;
	classes = {
	};
	objectVersion = 46;
	objects = {

/* Begin PBXBuildFile section */
		1812D9B91A8AE33B00CD0C65 /* AudioToolbox.framework in Frameworks */ = {isa = PBXBuildFile; fileRef = 1812D9B81A8AE33B00CD0C65 /* AudioToolbox.framework */; };
		1812D9BB1A8AE34900CD0C65 /* QuartzCore.framework in Frameworks */ = {isa = PBXBuildFile; fileRef = 1812D9BA1A8AE34900CD0C65 /* QuartzCore.framework */; };
		1812D9BD1A8AE35600CD0C65 /* ImageIO.framework in Frameworks */ = {isa = PBXBuildFile; fileRef = 1812D9BC1A8AE35600CD0C65 /* ImageIO.framework */; };
		1812D9BF1A8AE36300CD0C65 /* CoreVideo.framework in Frameworks */ = {isa = PBXBuildFile; fileRef = 1812D9BE1A8AE36300CD0C65 /* CoreVideo.framework */; };
		1812D9C11A8AE36E00CD0C65 /* CoreMedia.framework in Frameworks */ = {isa = PBXBuildFile; fileRef = 1812D9C01A8AE36E00CD0C65 /* CoreMedia.framework */; };
		1812D9C31A8AE37900CD0C65 /* CoreGraphics.framework in Frameworks */ = {isa = PBXBuildFile; fileRef = 1812D9C21A8AE37900CD0C65 /* CoreGraphics.framework */; };
		1812D9C51A8AE38900CD0C65 /* CoreImage.framework in Frameworks */ = {isa = PBXBuildFile; fileRef = 1812D9C41A8AE38900CD0C65 /* CoreImage.framework */; };
		1824E1601A8AD1C5007A5FEF /* AVFoundation.framework in Frameworks */ = {isa = PBXBuildFile; fileRef = 1824E15F1A8AD1C5007A5FEF /* AVFoundation.framework */; };
		1824E1621A8AD246007A5FEF /* CoreAudio.framework in Frameworks */ = {isa = PBXBuildFile; fileRef = 1824E1611A8AD246007A5FEF /* CoreAudio.framework */; };
		1824E1641A8AD8E7007A5FEF /* balloon.png in Resources */ = {isa = PBXBuildFile; fileRef = 1824E1631A8AD8E7007A5FEF /* balloon.png */; };
		18790E0C1A893201002B7D24 /* main.m in Sources */ = {isa = PBXBuildFile; fileRef = 18790E0B1A893201002B7D24 /* main.m */; };
		18790E0F1A893201002B7D24 /* AppDelegate.m in Sources */ = {isa = PBXBuildFile; fileRef = 18790E0E1A893201002B7D24 /* AppDelegate.m */; };
		18790E151A893201002B7D24 /* Main.storyboard in Resources */ = {isa = PBXBuildFile; fileRef = 18790E131A893201002B7D24 /* Main.storyboard */; };
		18790E171A893201002B7D24 /* Images.xcassets in Resources */ = {isa = PBXBuildFile; fileRef = 18790E161A893201002B7D24 /* Images.xcassets */; };
		18790E1A1A893201002B7D24 /* LaunchScreen.xib in Resources */ = {isa = PBXBuildFile; fileRef = 18790E181A893201002B7D24 /* LaunchScreen.xib */; };
		18790E261A893201002B7D24 /* FocusTests.m in Sources */ = {isa = PBXBuildFile; fileRef = 18790E251A893201002B7D24 /* FocusTests.m */; };
		18790E311A89327B002B7D24 /* MainViewController.m in Sources */ = {isa = PBXBuildFile; fileRef = 18790E301A89327B002B7D24 /* MainViewController.m */; };
		18790E341A893716002B7D24 /* BreathViewController.m in Sources */ = {isa = PBXBuildFile; fileRef = 18790E331A893716002B7D24 /* BreathViewController.m */; };
		18790E371A89374A002B7D24 /* FaceViewController.m in Sources */ = {isa = PBXBuildFile; fileRef = 18790E361A89374A002B7D24 /* FaceViewController.m */; };
/* End PBXBuildFile section */

/* Begin PBXContainerItemProxy section */
		18790E201A893201002B7D24 /* PBXContainerItemProxy */ = {
			isa = PBXContainerItemProxy;
			containerPortal = 18790DFE1A893201002B7D24 /* Project object */;
			proxyType = 1;
			remoteGlobalIDString = 18790E051A893201002B7D24;
			remoteInfo = Focus;
		};
/* End PBXContainerItemProxy section */

/* Begin PBXFileReference section */
		1812D9B81A8AE33B00CD0C65 /* AudioToolbox.framework */ = {isa = PBXFileReference; lastKnownFileType = wrapper.framework; name = AudioToolbox.framework; path = System/Library/Frameworks/AudioToolbox.framework; sourceTree = SDKROOT; };
		1812D9BA1A8AE34900CD0C65 /* QuartzCore.framework */ = {isa = PBXFileReference; lastKnownFileType = wrapper.framework; name = QuartzCore.framework; path = System/Library/Frameworks/QuartzCore.framework; sourceTree = SDKROOT; };
		1812D9BC1A8AE35600CD0C65 /* ImageIO.framework */ = {isa = PBXFileReference; lastKnownFileType = wrapper.framework; name = ImageIO.framework; path = System/Library/Frameworks/ImageIO.framework; sourceTree = SDKROOT; };
		1812D9BE1A8AE36300CD0C65 /* CoreVideo.framework */ = {isa = PBXFileReference; lastKnownFileType = wrapper.framework; name = CoreVideo.framework; path = System/Library/Frameworks/CoreVideo.framework; sourceTree = SDKROOT; };
		1812D9C01A8AE36E00CD0C65 /* CoreMedia.framework */ = {isa = PBXFileReference; lastKnownFileType = wrapper.framework; name = CoreMedia.framework; path = System/Library/Frameworks/CoreMedia.framework; sourceTree = SDKROOT; };
		1812D9C21A8AE37900CD0C65 /* CoreGraphics.framework */ = {isa = PBXFileReference; lastKnownFileType = wrapper.framework; name = CoreGraphics.framework; path = System/Library/Frameworks/CoreGraphics.framework; sourceTree = SDKROOT; };
		1812D9C41A8AE38900CD0C65 /* CoreImage.framework */ = {isa = PBXFileReference; lastKnownFileType = wrapper.framework; name = CoreImage.framework; path = System/Library/Frameworks/CoreImage.framework; sourceTree = SDKROOT; };
		1824E15F1A8AD1C5007A5FEF /* AVFoundation.framework */ = {isa = PBXFileReference; lastKnownFileType = wrapper.framework; name = AVFoundation.framework; path = System/Library/Frameworks/AVFoundation.framework; sourceTree = SDKROOT; };
		1824E1611A8AD246007A5FEF /* CoreAudio.framework */ = {isa = PBXFileReference; lastKnownFileType = wrapper.framework; name = CoreAudio.framework; path = System/Library/Frameworks/CoreAudio.framework; sourceTree = SDKROOT; };
		1824E1631A8AD8E7007A5FEF /* balloon.png */ = {isa = PBXFileReference; lastKnownFileType = image.png; path = balloon.png; sourceTree = "<group>"; };
		18790E061A893201002B7D24 /* Focus.app */ = {isa = PBXFileReference; explicitFileType = wrapper.application; includeInIndex = 0; path = Focus.app; sourceTree = BUILT_PRODUCTS_DIR; };
		18790E0A1A893201002B7D24 /* Info.plist */ = {isa = PBXFileReference; lastKnownFileType = text.plist.xml; path = Info.plist; sourceTree = "<group>"; };
		18790E0B1A893201002B7D24 /* main.m */ = {isa = PBXFileReference; lastKnownFileType = sourcecode.c.objc; path = main.m; sourceTree = "<group>"; };
		18790E0D1A893201002B7D24 /* AppDelegate.h */ = {isa = PBXFileReference; lastKnownFileType = sourcecode.c.h; path = AppDelegate.h; sourceTree = "<group>"; };
		18790E0E1A893201002B7D24 /* AppDelegate.m */ = {isa = PBXFileReference; lastKnownFileType = sourcecode.c.objc; path = AppDelegate.m; sourceTree = "<group>"; };
		18790E141A893201002B7D24 /* Base */ = {isa = PBXFileReference; lastKnownFileType = file.storyboard; name = Base; path = Base.lproj/Main.storyboard; sourceTree = "<group>"; };
		18790E161A893201002B7D24 /* Images.xcassets */ = {isa = PBXFileReference; lastKnownFileType = folder.assetcatalog; path = Images.xcassets; sourceTree = "<group>"; };
		18790E191A893201002B7D24 /* Base */ = {isa = PBXFileReference; lastKnownFileType = file.xib; name = Base; path = Base.lproj/LaunchScreen.xib; sourceTree = "<group>"; };
		18790E1F1A893201002B7D24 /* FocusTests.xctest */ = {isa = PBXFileReference; explicitFileType = wrapper.cfbundle; includeInIndex = 0; path = FocusTests.xctest; sourceTree = BUILT_PRODUCTS_DIR; };
		18790E241A893201002B7D24 /* Info.plist */ = {isa = PBXFileReference; lastKnownFileType = text.plist.xml; path = Info.plist; sourceTree = "<group>"; };
		18790E251A893201002B7D24 /* FocusTests.m */ = {isa = PBXFileReference; lastKnownFileType = sourcecode.c.objc; path = FocusTests.m; sourceTree = "<group>"; };
		18790E2F1A89327B002B7D24 /* MainViewController.h */ = {isa = PBXFileReference; fileEncoding = 4; lastKnownFileType = sourcecode.c.h; path = MainViewController.h; sourceTree = "<group>"; };
		18790E301A89327B002B7D24 /* MainViewController.m */ = {isa = PBXFileReference; fileEncoding = 4; lastKnownFileType = sourcecode.c.objc; path = MainViewController.m; sourceTree = "<group>"; };
		18790E321A893716002B7D24 /* BreathViewController.h */ = {isa = PBXFileReference; fileEncoding = 4; lastKnownFileType = sourcecode.c.h; path = BreathViewController.h; sourceTree = "<group>"; };
		18790E331A893716002B7D24 /* BreathViewController.m */ = {isa = PBXFileReference; fileEncoding = 4; lastKnownFileType = sourcecode.c.objc; path = BreathViewController.m; sourceTree = "<group>"; };
		18790E351A89374A002B7D24 /* FaceViewController.h */ = {isa = PBXFileReference; fileEncoding = 4; lastKnownFileType = sourcecode.c.h; path = FaceViewController.h; sourceTree = "<group>"; };
		18790E361A89374A002B7D24 /* FaceViewController.m */ = {isa = PBXFileReference; fileEncoding = 4; lastKnownFileType = sourcecode.c.objc; path = FaceViewController.m; sourceTree = "<group>"; };
/* End PBXFileReference section */

/* Begin PBXFrameworksBuildPhase section */
		18790E031A893201002B7D24 /* Frameworks */ = {
			isa = PBXFrameworksBuildPhase;
			buildActionMask = 2147483647;
			files = (
				1812D9C51A8AE38900CD0C65 /* CoreImage.framework in Frameworks */,
				1812D9C31A8AE37900CD0C65 /* CoreGraphics.framework in Frameworks */,
				1812D9C11A8AE36E00CD0C65 /* CoreMedia.framework in Frameworks */,
				1812D9BF1A8AE36300CD0C65 /* CoreVideo.framework in Frameworks */,
				1812D9BD1A8AE35600CD0C65 /* ImageIO.framework in Frameworks */,
				1812D9BB1A8AE34900CD0C65 /* QuartzCore.framework in Frameworks */,
				1812D9B91A8AE33B00CD0C65 /* AudioToolbox.framework in Frameworks */,
				1824E1621A8AD246007A5FEF /* CoreAudio.framework in Frameworks */,
				1824E1601A8AD1C5007A5FEF /* AVFoundation.framework in Frameworks */,
			);
			runOnlyForDeploymentPostprocessing = 0;
		};
		18790E1C1A893201002B7D24 /* Frameworks */ = {
			isa = PBXFrameworksBuildPhase;
			buildActionMask = 2147483647;
			files = (
			);
			runOnlyForDeploymentPostprocessing = 0;
		};
/* End PBXFrameworksBuildPhase section */

/* Begin PBXGroup section */
		18790DFD1A893201002B7D24 = {
			isa = PBXGroup;
			children = (
				1812D9C41A8AE38900CD0C65 /* CoreImage.framework */,
				1812D9C21A8AE37900CD0C65 /* CoreGraphics.framework */,
				1812D9C01A8AE36E00CD0C65 /* CoreMedia.framework */,
				1812D9BE1A8AE36300CD0C65 /* CoreVideo.framework */,
				1812D9BC1A8AE35600CD0C65 /* ImageIO.framework */,
				1812D9BA1A8AE34900CD0C65 /* QuartzCore.framework */,
				1812D9B81A8AE33B00CD0C65 /* AudioToolbox.framework */,
				1824E1611A8AD246007A5FEF /* CoreAudio.framework */,
				1824E15F1A8AD1C5007A5FEF /* AVFoundation.framework */,
				18790E081A893201002B7D24 /* Focus */,
				18790E221A893201002B7D24 /* FocusTests */,
				18790E071A893201002B7D24 /* Products */,
			);
			sourceTree = "<group>";
		};
		18790E071A893201002B7D24 /* Products */ = {
			isa = PBXGroup;
			children = (
				18790E061A893201002B7D24 /* Focus.app */,
				18790E1F1A893201002B7D24 /* FocusTests.xctest */,
			);
			name = Products;
			sourceTree = "<group>";
		};
		18790E081A893201002B7D24 /* Focus */ = {
			isa = PBXGroup;
			children = (
				18790E0D1A893201002B7D24 /* AppDelegate.h */,
				18790E0E1A893201002B7D24 /* AppDelegate.m */,
				18790E2F1A89327B002B7D24 /* MainViewController.h */,
				18790E301A89327B002B7D24 /* MainViewController.m */,
				18790E321A893716002B7D24 /* BreathViewController.h */,
				18790E331A893716002B7D24 /* BreathViewController.m */,
				18790E351A89374A002B7D24 /* FaceViewController.h */,
				18790E361A89374A002B7D24 /* FaceViewController.m */,
				1824E1631A8AD8E7007A5FEF /* balloon.png */,
				18790E131A893201002B7D24 /* Main.storyboard */,
				18790E161A893201002B7D24 /* Images.xcassets */,
				18790E181A893201002B7D24 /* LaunchScreen.xib */,
				18790E091A893201002B7D24 /* Supporting Files */,
			);
			path = Focus;
			sourceTree = "<group>";
		};
		18790E091A893201002B7D24 /* Supporting Files */ = {
			isa = PBXGroup;
			children = (
				18790E0A1A893201002B7D24 /* Info.plist */,
				18790E0B1A893201002B7D24 /* main.m */,
			);
			name = "Supporting Files";
			sourceTree = "<group>";
		};
		18790E221A893201002B7D24 /* FocusTests */ = {
			isa = PBXGroup;
			children = (
				18790E251A893201002B7D24 /* FocusTests.m */,
				18790E231A893201002B7D24 /* Supporting Files */,
			);
			path = FocusTests;
			sourceTree = "<group>";
		};
		18790E231A893201002B7D24 /* Supporting Files */ = {
			isa = PBXGroup;
			children = (
				18790E241A893201002B7D24 /* Info.plist */,
			);
			name = "Supporting Files";
			sourceTree = "<group>";
		};
/* End PBXGroup section */

/* Begin PBXNativeTarget section */
		18790E051A893201002B7D24 /* Focus */ = {
			isa = PBXNativeTarget;
			buildConfigurationList = 18790E291A893201002B7D24 /* Build configuration list for PBXNativeTarget "Focus" */;
			buildPhases = (
				18790E021A893201002B7D24 /* Sources */,
				18790E031A893201002B7D24 /* Frameworks */,
				18790E041A893201002B7D24 /* Resources */,
			);
			buildRules = (
			);
			dependencies = (
			);
			name = Focus;
			productName = Focus;
			productReference = 18790E061A893201002B7D24 /* Focus.app */;
			productType = "com.apple.product-type.application";
		};
		18790E1E1A893201002B7D24 /* FocusTests */ = {
			isa = PBXNativeTarget;
			buildConfigurationList = 18790E2C1A893201002B7D24 /* Build configuration list for PBXNativeTarget "FocusTests" */;
			buildPhases = (
				18790E1B1A893201002B7D24 /* Sources */,
				18790E1C1A893201002B7D24 /* Frameworks */,
				18790E1D1A893201002B7D24 /* Resources */,
			);
			buildRules = (
			);
			dependencies = (
				18790E211A893201002B7D24 /* PBXTargetDependency */,
			);
			name = FocusTests;
			productName = FocusTests;
			productReference = 18790E1F1A893201002B7D24 /* FocusTests.xctest */;
			productType = "com.apple.product-type.bundle.unit-test";
		};
/* End PBXNativeTarget section */

/* Begin PBXProject section */
		18790DFE1A893201002B7D24 /* Project object */ = {
			isa = PBXProject;
			attributes = {
				LastUpgradeCheck = 0610;
				ORGANIZATIONNAME = UofT;
				TargetAttributes = {
					18790E051A893201002B7D24 = {
						CreatedOnToolsVersion = 6.1.1;
					};
					18790E1E1A893201002B7D24 = {
						CreatedOnToolsVersion = 6.1.1;
						TestTargetID = 18790E051A893201002B7D24;
					};
				};
			};
			buildConfigurationList = 18790E011A893201002B7D24 /* Build configuration list for PBXProject "Focus" */;
			compatibilityVersion = "Xcode 3.2";
			developmentRegion = English;
			hasScannedForEncodings = 0;
			knownRegions = (
				en,
				Base,
			);
			mainGroup = 18790DFD1A893201002B7D24;
			productRefGroup = 18790E071A893201002B7D24 /* Products */;
			projectDirPath = "";
			projectRoot = "";
			targets = (
				18790E051A893201002B7D24 /* Focus */,
				18790E1E1A893201002B7D24 /* FocusTests */,
			);
		};
/* End PBXProject section */

/* Begin PBXResourcesBuildPhase section */
		18790E041A893201002B7D24 /* Resources */ = {
			isa = PBXResourcesBuildPhase;
			buildActionMask = 2147483647;
			files = (
				1824E1641A8AD8E7007A5FEF /* balloon.png in Resources */,
				18790E151A893201002B7D24 /* Main.storyboard in Resources */,
				18790E1A1A893201002B7D24 /* LaunchScreen.xib in Resources */,
				18790E171A893201002B7D24 /* Images.xcassets in Resources */,
			);
			runOnlyForDeploymentPostprocessing = 0;
		};
		18790E1D1A893201002B7D24 /* Resources */ = {
			isa = PBXResourcesBuildPhase;
			buildActionMask = 2147483647;
			files = (
			);
			runOnlyForDeploymentPostprocessing = 0;
		};
/* End PBXResourcesBuildPhase section */

/* Begin PBXSourcesBuildPhase section */
		18790E021A893201002B7D24 /* Sources */ = {
			isa = PBXSourcesBuildPhase;
			buildActionMask = 2147483647;
			files = (
				18790E0F1A893201002B7D24 /* AppDelegate.m in Sources */,
				18790E311A89327B002B7D24 /* MainViewController.m in Sources */,
				18790E371A89374A002B7D24 /* FaceViewController.m in Sources */,
				18790E341A893716002B7D24 /* BreathViewController.m in Sources */,
				18790E0C1A893201002B7D24 /* main.m in Sources */,
			);
			runOnlyForDeploymentPostprocessing = 0;
		};
		18790E1B1A893201002B7D24 /* Sources */ = {
			isa = PBXSourcesBuildPhase;
			buildActionMask = 2147483647;
			files = (
				18790E261A893201002B7D24 /* FocusTests.m in Sources */,
			);
			runOnlyForDeploymentPostprocessing = 0;
		};
/* End PBXSourcesBuildPhase section */

/* Begin PBXTargetDependency section */
		18790E211A893201002B7D24 /* PBXTargetDependency */ = {
			isa = PBXTargetDependency;
			target = 18790E051A893201002B7D24 /* Focus */;
			targetProxy = 18790E201A893201002B7D24 /* PBXContainerItemProxy */;
		};
/* End PBXTargetDependency section */

/* Begin PBXVariantGroup section */
		18790E131A893201002B7D24 /* Main.storyboard */ = {
			isa = PBXVariantGroup;
			children = (
				18790E141A893201002B7D24 /* Base */,
			);
			name = Main.storyboard;
			sourceTree = "<group>";
		};
		18790E181A893201002B7D24 /* LaunchScreen.xib */ = {
			isa = PBXVariantGroup;
			children = (
				18790E191A893201002B7D24 /* Base */,
			);
			name = LaunchScreen.xib;
			sourceTree = "<group>";
		};
/* End PBXVariantGroup section */

/* Begin XCBuildConfiguration section */
		18790E271A893201002B7D24 /* Debug */ = {
			isa = XCBuildConfiguration;
			buildSettings = {
				ALWAYS_SEARCH_USER_PATHS = NO;
				CLANG_CXX_LANGUAGE_STANDARD = "gnu++0x";
				CLANG_CXX_LIBRARY = "libc++";
				CLANG_ENABLE_MODULES = YES;
				CLANG_ENABLE_OBJC_ARC = YES;
				CLANG_WARN_BOOL_CONVERSION = YES;
				CLANG_WARN_CONSTANT_CONVERSION = YES;
				CLANG_WARN_DIRECT_OBJC_ISA_USAGE = YES_ERROR;
				CLANG_WARN_EMPTY_BODY = YES;
				CLANG_WARN_ENUM_CONVERSION = YES;
				CLANG_WARN_INT_CONVERSION = YES;
				CLANG_WARN_OBJC_ROOT_CLASS = YES_ERROR;
				CLANG_WARN_UNREACHABLE_CODE = YES;
				CLANG_WARN__DUPLICATE_METHOD_MATCH = YES;
				"CODE_SIGN_IDENTITY[sdk=iphoneos*]" = "iPhone Developer";
				COPY_PHASE_STRIP = NO;
				ENABLE_STRICT_OBJC_MSGSEND = YES;
				GCC_C_LANGUAGE_STANDARD = gnu99;
				GCC_DYNAMIC_NO_PIC = NO;
				GCC_OPTIMIZATION_LEVEL = 0;
				GCC_PREPROCESSOR_DEFINITIONS = (
					"DEBUG=1",
					"$(inherited)",
				);
				GCC_SYMBOLS_PRIVATE_EXTERN = NO;
				GCC_WARN_64_TO_32_BIT_CONVERSION = YES;
				GCC_WARN_ABOUT_RETURN_TYPE = YES_ERROR;
				GCC_WARN_UNDECLARED_SELECTOR = YES;
				GCC_WARN_UNINITIALIZED_AUTOS = YES_AGGRESSIVE;
				GCC_WARN_UNUSED_FUNCTION = YES;
				GCC_WARN_UNUSED_VARIABLE = YES;
				IPHONEOS_DEPLOYMENT_TARGET = 8.1;
				MTL_ENABLE_DEBUG_INFO = YES;
				ONLY_ACTIVE_ARCH = YES;
				SDKROOT = iphoneos;
			};
			name = Debug;
		};
		18790E281A893201002B7D24 /* Release */ = {
			isa = XCBuildConfiguration;
			buildSettings = {
				ALWAYS_SEARCH_USER_PATHS = NO;
				CLANG_CXX_LANGUAGE_STANDARD = "gnu++0x";
				CLANG_CXX_LIBRARY = "libc++";
				CLANG_ENABLE_MODULES = YES;
				CLANG_ENABLE_OBJC_ARC = YES;
				CLANG_WARN_BOOL_CONVERSION = YES;
				CLANG_WARN_CONSTANT_CONVERSION = YES;
				CLANG_WARN_DIRECT_OBJC_ISA_USAGE = YES_ERROR;
				CLANG_WARN_EMPTY_BODY = YES;
				CLANG_WARN_ENUM_CONVERSION = YES;
				CLANG_WARN_INT_CONVERSION = YES;
				CLANG_WARN_OBJC_ROOT_CLASS = YES_ERROR;
				CLANG_WARN_UNREACHABLE_CODE = YES;
				CLANG_WARN__DUPLICATE_METHOD_MATCH = YES;
				"CODE_SIGN_IDENTITY[sdk=iphoneos*]" = "iPhone Developer";
				COPY_PHASE_STRIP = YES;
				ENABLE_NS_ASSERTIONS = NO;
				ENABLE_STRICT_OBJC_MSGSEND = YES;
				GCC_C_LANGUAGE_STANDARD = gnu99;
				GCC_WARN_64_TO_32_BIT_CONVERSION = YES;
				GCC_WARN_ABOUT_RETURN_TYPE = YES_ERROR;
				GCC_WARN_UNDECLARED_SELECTOR = YES;
				GCC_WARN_UNINITIALIZED_AUTOS = YES_AGGRESSIVE;
				GCC_WARN_UNUSED_FUNCTION = YES;
				GCC_WARN_UNUSED_VARIABLE = YES;
				IPHONEOS_DEPLOYMENT_TARGET = 8.1;
				MTL_ENABLE_DEBUG_INFO = NO;
				SDKROOT = iphoneos;
				VALIDATE_PRODUCT = YES;
			};
			name = Release;
		};
		18790E2A1A893201002B7D24 /* Debug */ = {
			isa = XCBuildConfiguration;
			buildSettings = {
				ASSETCATALOG_COMPILER_APPICON_NAME = AppIcon;
				INFOPLIST_FILE = Focus/Info.plist;
				LD_RUNPATH_SEARCH_PATHS = "$(inherited) @executable_path/Frameworks";
				PRODUCT_NAME = "$(TARGET_NAME)";
			};
			name = Debug;
		};
		18790E2B1A893201002B7D24 /* Release */ = {
			isa = XCBuildConfiguration;
			buildSettings = {
				ASSETCATALOG_COMPILER_APPICON_NAME = AppIcon;
				INFOPLIST_FILE = Focus/Info.plist;
				LD_RUNPATH_SEARCH_PATHS = "$(inherited) @executable_path/Frameworks";
				PRODUCT_NAME = "$(TARGET_NAME)";
			};
			name = Release;
		};
		18790E2D1A893201002B7D24 /* Debug */ = {
			isa = XCBuildConfiguration;
			buildSettings = {
				BUNDLE_LOADER = "$(TEST_HOST)";
				FRAMEWORK_SEARCH_PATHS = (
					"$(SDKROOT)/Developer/Library/Frameworks",
					"$(inherited)",
				);
				GCC_PREPROCESSOR_DEFINITIONS = (
					"DEBUG=1",
					"$(inherited)",
				);
				INFOPLIST_FILE = FocusTests/Info.plist;
				LD_RUNPATH_SEARCH_PATHS = "$(inherited) @executable_path/Frameworks @loader_path/Frameworks";
				PRODUCT_NAME = "$(TARGET_NAME)";
				TEST_HOST = "$(BUILT_PRODUCTS_DIR)/Focus.app/Focus";
			};
			name = Debug;
		};
		18790E2E1A893201002B7D24 /* Release */ = {
			isa = XCBuildConfiguration;
			buildSettings = {
				BUNDLE_LOADER = "$(TEST_HOST)";
				FRAMEWORK_SEARCH_PATHS = (
					"$(SDKROOT)/Developer/Library/Frameworks",
					"$(inherited)",
				);
				INFOPLIST_FILE = FocusTests/Info.plist;
				LD_RUNPATH_SEARCH_PATHS = "$(inherited) @executable_path/Frameworks @loader_path/Frameworks";
				PRODUCT_NAME = "$(TARGET_NAME)";
				TEST_HOST = "$(BUILT_PRODUCTS_DIR)/Focus.app/Focus";
			};
			name = Release;
		};
/* End XCBuildConfiguration section */

/* Begin XCConfigurationList section */
		18790E011A893201002B7D24 /* Build configuration list for PBXProject "Focus" */ = {
			isa = XCConfigurationList;
			buildConfigurations = (
				18790E271A893201002B7D24 /* Debug */,
				18790E281A893201002B7D24 /* Release */,
			);
			defaultConfigurationIsVisible = 0;
			defaultConfigurationName = Release;
		};
		18790E291A893201002B7D24 /* Build configuration list for PBXNativeTarget "Focus" */ = {
			isa = XCConfigurationList;
			buildConfigurations = (
				18790E2A1A893201002B7D24 /* Debug */,
				18790E2B1A893201002B7D24 /* Release */,
			);
			defaultConfigurationIsVisible = 0;
			defaultConfigurationName = Release;
		};
		18790E2C1A893201002B7D24 /* Build configuration list for PBXNativeTarget "FocusTests" */ = {
			isa = XCConfigurationList;
			buildConfigurations = (
				18790E2D1A893201002B7D24 /* Debug */,
				18790E2E1A893201002B7D24 /* Release */,
			);
			defaultConfigurationIsVisible = 0;
			defaultConfigurationName = Release;
		};
/* End XCConfigurationList section */
	};
	rootObject = 18790DFE1A893201002B7D24 /* Project object */;
}
